
Microsoft Visual Studio Solution File, Format Version 12.00
# Visual Studio Version 17
VisualStudioVersion = 17.2.32519.379
MinimumVisualStudioVersion = 10.0.40219.1
Project("{FAE04EC0-301F-11D3-BF4B-00C04F79EFBC}") = "OOP01", "OOP01.csproj", "{ECB552BF-E3D7-4B75-8E7F-F3AAFE2FC531}"
EndProject
Project("{FAE04EC0-301F-11D3-BF4B-00C04F79EFBC}") = "Logic", "..\Logic\Logic.csproj", "{6EC7610A-67FF-4C7A-A2EE-2ADF7C5E650F}"
EndProject
Project("{FAE04EC0-301F-11D3-BF4B-00C04F79EFBC}") = "ModelLayer", "..\ModelLayer\ModelLayer.csproj", "{B897D204-7EFD-4915-B516-3D609147DA4F}"
EndProject
Project("{FAE04EC0-301F-11D3-BF4B-00C04F79EFBC}") = "GUI", "..\GUI\GUI.csproj", "{5BCDA905-F26C-4AAE-B55C-52686970E776}"
EndProject
Global
	GlobalSection(SolutionConfigurationPlatforms) = preSolution
		Debug|Any CPU = Debug|Any CPU
		Release|Any CPU = Release|Any CPU
	EndGlobalSection
	GlobalSection(ProjectConfigurationPlatforms) = postSolution
		{ECB552BF-E3D7-4B75-8E7F-F3AAFE2FC531}.Debug|Any CPU.ActiveCfg = Debug|Any CPU
		{ECB552BF-E3D7-4B75-8E7F-F3AAFE2FC531}.Debug|Any CPU.Build.0 = Debug|Any CPU
		{ECB552BF-E3D7-4B75-8E7F-F3AAFE2FC531}.Release|Any CPU.ActiveCfg = Release|Any CPU
		{ECB552BF-E3D7-4B75-8E7F-F3AAFE2FC531}.Release|Any CPU.Build.0 = Release|Any CPU
		{6EC7610A-67FF-4C7A-A2EE-2ADF7C5E650F}.Debug|Any CPU.ActiveCfg = Debug|Any CPU
		{6EC7610A-67FF-4C7A-A2EE-2ADF7C5E650F}.Debug|Any CPU.Build.0 = Debug|Any CPU
		{6EC7610A-67FF-4C7A-A2EE-2ADF7C5E650F}.Release|Any CPU.ActiveCfg = Release|Any CPU
		{6EC7610A-67FF-4C7A-A2EE-2ADF7C5E650F}.Release|Any CPU.Build.0 = Release|Any CPU
		{B897D204-7EFD-4915-B516-3D609147DA4F}.Debug|Any CPU.ActiveCfg = Debug|Any CPU
		{B897D204-7EFD-4915-B516-3D609147DA4F}.Debug|Any CPU.Build.0 = Debug|Any CPU
		{B897D204-7EFD-4915-B516-3D609147DA4F}.Release|Any CPU.ActiveCfg = Release|Any CPU
		{B897D204-7EFD-4915-B516-3D609147DA4F}.Release|Any CPU.Build.0 = Release|Any CPU
		{5BCDA905-F26C-4AAE-B55C-52686970E776}.Debug|Any CPU.ActiveCfg = Debug|Any CPU
		{5BCDA905-F26C-4AAE-B55C-52686970E776}.Debug|Any CPU.Build.0 = Debug|Any CPU
		{5BCDA905-F26C-4AAE-B55C-52686970E776}.Release|Any CPU.ActiveCfg = Release|Any CPU
		{5BCDA905-F26C-4AAE-B55C-52686970E776}.Release|Any CPU.Build.0 = Release|Any CPU
	EndGlobalSection
	GlobalSection(SolutionProperties) = preSolution
		HideSolutionNode = FALSE
	EndGlobalSection
	GlobalSection(ExtensibilityGlobals) = postSolution
		SolutionGuid = {D3CE1008-1D87-44D4-A9DE-A95F4B3DD079}
	EndGlobalSection
EndGlobal
